
Microsoft Visual Studio Solution File, Format Version 12.00
# Visual Studio Version 17
VisualStudioVersion = 17.5.33627.172
MinimumVisualStudioVersion = 10.0.40219.1
Project("{FAE04EC0-301F-11D3-BF4B-00C04F79EFBC}") = "Capa_Presentacion", "Capa_Presentacion\Capa_Presentacion.csproj", "{80F21D11-4E48-4FE2-B78C-9C306991FCBC}"
EndProject
Project("{9A19103F-16F7-4668-BE54-9A1E7A4F7556}") = "Capa_Logica", "Capa_Logica\Capa_Logica.csproj", "{CA9B8BDD-5C86-4807-9A6A-AAF711809D1A}"
EndProject
Project("{9A19103F-16F7-4668-BE54-9A1E7A4F7556}") = "Capa_Modelo", "Capa_Modelo\Capa_Modelo.csproj", "{35483EB7-0FBD-4CF1-AA56-9A44B2FB6AC4}"
EndProject
Global
	GlobalSection(SolutionConfigurationPlatforms) = preSolution
		Debug|Any CPU = Debug|Any CPU
		Release|Any CPU = Release|Any CPU
	EndGlobalSection
	GlobalSection(ProjectConfigurationPlatforms) = postSolution
		{80F21D11-4E48-4FE2-B78C-9C306991FCBC}.Debug|Any CPU.ActiveCfg = Debug|Any CPU
		{80F21D11-4E48-4FE2-B78C-9C306991FCBC}.Debug|Any CPU.Build.0 = Debug|Any CPU
		{80F21D11-4E48-4FE2-B78C-9C306991FCBC}.Release|Any CPU.ActiveCfg = Release|Any CPU
		{80F21D11-4E48-4FE2-B78C-9C306991FCBC}.Release|Any CPU.Build.0 = Release|Any CPU
		{CA9B8BDD-5C86-4807-9A6A-AAF711809D1A}.Debug|Any CPU.ActiveCfg = Debug|Any CPU
		{CA9B8BDD-5C86-4807-9A6A-AAF711809D1A}.Debug|Any CPU.Build.0 = Debug|Any CPU
		{CA9B8BDD-5C86-4807-9A6A-AAF711809D1A}.Release|Any CPU.ActiveCfg = Release|Any CPU
		{CA9B8BDD-5C86-4807-9A6A-AAF711809D1A}.Release|Any CPU.Build.0 = Release|Any CPU
		{35483EB7-0FBD-4CF1-AA56-9A44B2FB6AC4}.Debug|Any CPU.ActiveCfg = Debug|Any CPU
		{35483EB7-0FBD-4CF1-AA56-9A44B2FB6AC4}.Debug|Any CPU.Build.0 = Debug|Any CPU
		{35483EB7-0FBD-4CF1-AA56-9A44B2FB6AC4}.Release|Any CPU.ActiveCfg = Release|Any CPU
		{35483EB7-0FBD-4CF1-AA56-9A44B2FB6AC4}.Release|Any CPU.Build.0 = Release|Any CPU
	EndGlobalSection
	GlobalSection(SolutionProperties) = preSolution
		HideSolutionNode = FALSE
	EndGlobalSection
	GlobalSection(ExtensibilityGlobals) = postSolution
		SolutionGuid = {FA1DAD73-7DE5-4A9B-ADEC-EBB5D2BAFC10}
	EndGlobalSection
EndGlobal
